
Microsoft Visual Studio Solution File, Format Version 12.00
# Visual Studio Version 17
VisualStudioVersion = 17.0.32126.317
MinimumVisualStudioVersion = 10.0.40219.1
Project("{9A19103F-16F7-4668-BE54-9A1E7A4F7556}") = "DevIO.Business", "src\DevIO.Business\DevIO.Business.csproj", "{63F30D51-0CFB-4DE2-902A-FE2E8B83EABD}"
EndProject
Project("{9A19103F-16F7-4668-BE54-9A1E7A4F7556}") = "DevIO.Data", "src\DevIO.Data\DevIO.Data.csproj", "{5185039A-6F1E-4E80-9758-80142BB8146B}"
EndProject
Project("{FAE04EC0-301F-11D3-BF4B-00C04F79EFBC}") = "DevIO.Api", "src\DevIO.Api\DevIO.Api.csproj", "{90F95DBB-44D5-453D-A0DF-B85FBD5C9C28}"
EndProject
Global
	GlobalSection(SolutionConfigurationPlatforms) = preSolution
		Debug|Any CPU = Debug|Any CPU
		Release|Any CPU = Release|Any CPU
	EndGlobalSection
	GlobalSection(ProjectConfigurationPlatforms) = postSolution
		{63F30D51-0CFB-4DE2-902A-FE2E8B83EABD}.Debug|Any CPU.ActiveCfg = Debug|Any CPU
		{63F30D51-0CFB-4DE2-902A-FE2E8B83EABD}.Debug|Any CPU.Build.0 = Debug|Any CPU
		{63F30D51-0CFB-4DE2-902A-FE2E8B83EABD}.Release|Any CPU.ActiveCfg = Release|Any CPU
		{63F30D51-0CFB-4DE2-902A-FE2E8B83EABD}.Release|Any CPU.Build.0 = Release|Any CPU
		{5185039A-6F1E-4E80-9758-80142BB8146B}.Debug|Any CPU.ActiveCfg = Debug|Any CPU
		{5185039A-6F1E-4E80-9758-80142BB8146B}.Debug|Any CPU.Build.0 = Debug|Any CPU
		{5185039A-6F1E-4E80-9758-80142BB8146B}.Release|Any CPU.ActiveCfg = Release|Any CPU
		{5185039A-6F1E-4E80-9758-80142BB8146B}.Release|Any CPU.Build.0 = Release|Any CPU
		{90F95DBB-44D5-453D-A0DF-B85FBD5C9C28}.Debug|Any CPU.ActiveCfg = Debug|Any CPU
		{90F95DBB-44D5-453D-A0DF-B85FBD5C9C28}.Debug|Any CPU.Build.0 = Debug|Any CPU
		{90F95DBB-44D5-453D-A0DF-B85FBD5C9C28}.Release|Any CPU.ActiveCfg = Release|Any CPU
		{90F95DBB-44D5-453D-A0DF-B85FBD5C9C28}.Release|Any CPU.Build.0 = Release|Any CPU
	EndGlobalSection
	GlobalSection(SolutionProperties) = preSolution
		HideSolutionNode = FALSE
	EndGlobalSection
	GlobalSection(ExtensibilityGlobals) = postSolution
		SolutionGuid = {9412A2F6-2E90-4ED5-9CBA-67848E5305B2}
	EndGlobalSection
EndGlobal
